Microsoft Visual Studio Solution File, Format Version 11.00
# Visual Studio 2008

Project("{E84423A1-A9C9-3DAC-14C2-BAB95116FAE5}") = "Antarmuka-B", "Assembly-CSharp-vs.csproj", "{285B82B8-395F-517A-B5DA-3F1DE9122ED3}"
EndProject
Global
	GlobalSection(SolutionConfigurationPlatforms) = preSolution
		Debug|Any CPU = Debug|Any CPU
		Release|Any CPU = Release|Any CPU
	EndGlobalSection
	GlobalSection(ProjectConfigurationPlatforms) = postSolution
		{285B82B8-395F-517A-B5DA-3F1DE9122ED3}.Debug|Any CPU.ActiveCfg = Debug|Any CPU
		{285B82B8-395F-517A-B5DA-3F1DE9122ED3}.Debug|Any CPU.Build.0 = Debug|Any CPU
		{285B82B8-395F-517A-B5DA-3F1DE9122ED3}.Release|Any CPU.ActiveCfg = Release|Any CPU
		{285B82B8-395F-517A-B5DA-3F1DE9122ED3}.Release|Any CPU.Build.0 = Release|Any CPU
	EndGlobalSection
	GlobalSection(SolutionProperties) = preSolution
		HideSolutionNode = FALSE
	EndGlobalSection
								GlobalSection(MonoDevelopProperties) = preSolution
		StartupItem = Assembly-CSharp.csproj
		Policies = $0
		$0.TextStylePolicy = $1
		$1.inheritsSet = null
		$1.scope = text/x-csharp
		$0.CSharpFormattingPolicy = $2
		$2.inheritsSet = Mono
		$2.inheritsScope = text/x-csharp
		$2.scope = text/x-csharp
		$0.TextStylePolicy = $3
		$3.FileWidth = 120
		$3.TabWidth = 4
		$3.IndentWidth = 4
		$3.EolMarker = Unix
		$3.inheritsSet = Mono
		$3.inheritsScope = text/plain
		$3.scope = text/plain
	EndGlobalSection

EndGlobal
